{
  "pins" : [
    {
      "identity" : "caanimationcallback",
      "kind" : "remoteSourceControl",
      "location" : "https://github.com/usagimaru/CAAnimationCallback",
      "state" : {
        "branch" : "main",
        "revision" : "55cc3787e5cef4f83bff834befd85781fa8798fc"
      }
    },
    {
      "identity" : "snapkit",
      "kind" : "remoteSourceControl",
      "location" : "https://github.com/SnapKit/SnapKit",
      "state" : {
        "branch" : "develop",
        "revision" : "58320fe80522414bf3a7e24c88123581dc586752"
      }
    }
  ],
  "version" : 2
}
