// !$*UTF8*$!
{
	archiveVersion = 1;
	classes = {
	};
	objectVersion = 56;
	objects = {

/* Begin PBXBuildFile section */
		515106EC299BC5F900D1473E /* AppDelegate.swift in Sources */ = {isa = PBXBuildFile; fileRef = 515106EB299BC5F900D1473E /* AppDelegate.swift */; };
		515106EE299BC5F900D1473E /* ViewController.swift in Sources */ = {isa = PBXBuildFile; fileRef = 515106ED299BC5F900D1473E /* ViewController.swift */; };
		515106F0299BC5FA00D1473E /* Assets.xcassets in Resources */ = {isa = PBXBuildFile; fileRef = 515106EF299BC5FA00D1473E /* Assets.xcassets */; };
		515106F3299BC5FA00D1473E /* Main.storyboard in Resources */ = {isa = PBXBuildFile; fileRef = 515106F1299BC5FA00D1473E /* Main.storyboard */; };
		515106FB299BC67D00D1473E /* LightLeakButton.swift in Sources */ = {isa = PBXBuildFile; fileRef = 515106FA299BC67D00D1473E /* LightLeakButton.swift */; };
		515106FD299BCFEC00D1473E /* CALayer.swift in Sources */ = {isa = PBXBuildFile; fileRef = 515106FC299BCFEC00D1473E /* CALayer.swift */; };
		51510700299CAB9E00D1473E /* SnapKit in Frameworks */ = {isa = PBXBuildFile; productRef = 515106FF299CAB9E00D1473E /* SnapKit */; };
		5151070229A1455A00D1473E /* CGGeometry.swift in Sources */ = {isa = PBXBuildFile; fileRef = 5151070129A1455A00D1473E /* CGGeometry.swift */; };
		5151070529A164E300D1473E /* CAAnimationCallback in Frameworks */ = {isa = PBXBuildFile; productRef = 5151070429A164E300D1473E /* CAAnimationCallback */; };
		5151070729A2131200D1473E /* HollowingTextLayer.swift in Sources */ = {isa = PBXBuildFile; fileRef = 5151070629A2131200D1473E /* HollowingTextLayer.swift */; };
/* End PBXBuildFile section */

/* Begin PBXFileReference section */
		515106E8299BC5F900D1473E /* LightLeakButton.app */ = {isa = PBXFileReference; explicitFileType = wrapper.application; includeInIndex = 0; path = LightLeakButton.app; sourceTree = BUILT_PRODUCTS_DIR; };
		515106EB299BC5F900D1473E /* AppDelegate.swift */ = {isa = PBXFileReference; lastKnownFileType = sourcecode.swift; path = AppDelegate.swift; sourceTree = "<group>"; };
		515106ED299BC5F900D1473E /* ViewController.swift */ = {isa = PBXFileReference; lastKnownFileType = sourcecode.swift; path = ViewController.swift; sourceTree = "<group>"; };
		515106EF299BC5FA00D1473E /* Assets.xcassets */ = {isa = PBXFileReference; lastKnownFileType = folder.assetcatalog; path = Assets.xcassets; sourceTree = "<group>"; };
		515106F2299BC5FA00D1473E /* Base */ = {isa = PBXFileReference; lastKnownFileType = file.storyboard; name = Base; path = Base.lproj/Main.storyboard; sourceTree = "<group>"; };
		515106F4299BC5FA00D1473E /* LightLeakButton.entitlements */ = {isa = PBXFileReference; lastKnownFileType = text.plist.entitlements; path = LightLeakButton.entitlements; sourceTree = "<group>"; };
		515106FA299BC67D00D1473E /* LightLeakButton.swift */ = {isa = PBXFileReference; lastKnownFileType = sourcecode.swift; path = LightLeakButton.swift; sourceTree = "<group>"; };
		515106FC299BCFEC00D1473E /* CALayer.swift */ = {isa = PBXFileReference; fileEncoding = 4; lastKnownFileType = sourcecode.swift; path = CALayer.swift; sourceTree = "<group>"; };
		5151070129A1455A00D1473E /* CGGeometry.swift */ = {isa = PBXFileReference; fileEncoding = 4; lastKnownFileType = sourcecode.swift; path = CGGeometry.swift; sourceTree = "<group>"; };
		5151070629A2131200D1473E /* HollowingTextLayer.swift */ = {isa = PBXFileReference; lastKnownFileType = sourcecode.swift; path = HollowingTextLayer.swift; sourceTree = "<group>"; };
/* End PBXFileReference section */

/* Begin PBXFrameworksBuildPhase section */
		515106E5299BC5F900D1473E /* Frameworks */ = {
			isa = PBXFrameworksBuildPhase;
			buildActionMask = 2147483647;
			files = (
				5151070529A164E300D1473E /* CAAnimationCallback in Frameworks */,
				51510700299CAB9E00D1473E /* SnapKit in Frameworks */,
			);
			runOnlyForDeploymentPostprocessing = 0;
		};
/* End PBXFrameworksBuildPhase section */

/* Begin PBXGroup section */
		515106DF299BC5F900D1473E = {
			isa = PBXGroup;
			children = (
				515106EA299BC5F900D1473E /* LightLeakButton */,
				515106E9299BC5F900D1473E /* Products */,
			);
			sourceTree = "<group>";
		};
		515106E9299BC5F900D1473E /* Products */ = {
			isa = PBXGroup;
			children = (
				515106E8299BC5F900D1473E /* LightLeakButton.app */,
			);
			name = Products;
			sourceTree = "<group>";
		};
		515106EA299BC5F900D1473E /* LightLeakButton */ = {
			isa = PBXGroup;
			children = (
				515106EB299BC5F900D1473E /* AppDelegate.swift */,
				515106ED299BC5F900D1473E /* ViewController.swift */,
				515106FA299BC67D00D1473E /* LightLeakButton.swift */,
				5151070629A2131200D1473E /* HollowingTextLayer.swift */,
				515106FC299BCFEC00D1473E /* CALayer.swift */,
				5151070129A1455A00D1473E /* CGGeometry.swift */,
				515106EF299BC5FA00D1473E /* Assets.xcassets */,
				515106F1299BC5FA00D1473E /* Main.storyboard */,
				515106F4299BC5FA00D1473E /* LightLeakButton.entitlements */,
			);
			path = LightLeakButton;
			sourceTree = "<group>";
		};
/* End PBXGroup section */

/* Begin PBXNativeTarget section */
		515106E7299BC5F900D1473E /* LightLeakButton */ = {
			isa = PBXNativeTarget;
			buildConfigurationList = 515106F7299BC5FA00D1473E /* Build configuration list for PBXNativeTarget "LightLeakButton" */;
			buildPhases = (
				515106E4299BC5F900D1473E /* Sources */,
				515106E5299BC5F900D1473E /* Frameworks */,
				515106E6299BC5F900D1473E /* Resources */,
			);
			buildRules = (
			);
			dependencies = (
			);
			name = LightLeakButton;
			packageProductDependencies = (
				515106FF299CAB9E00D1473E /* SnapKit */,
				5151070429A164E300D1473E /* CAAnimationCallback */,
			);
			productName = LightLeakButton;
			productReference = 515106E8299BC5F900D1473E /* LightLeakButton.app */;
			productType = "com.apple.product-type.application";
		};
/* End PBXNativeTarget section */

/* Begin PBXProject section */
		515106E0299BC5F900D1473E /* Project object */ = {
			isa = PBXProject;
			attributes = {
				BuildIndependentTargetsInParallel = 1;
				LastSwiftUpdateCheck = 1420;
				LastUpgradeCheck = 1420;
				TargetAttributes = {
					515106E7299BC5F900D1473E = {
						CreatedOnToolsVersion = 14.2;
					};
				};
			};
			buildConfigurationList = 515106E3299BC5F900D1473E /* Build configuration list for PBXProject "LightLeakButton" */;
			compatibilityVersion = "Xcode 14.0";
			developmentRegion = en;
			hasScannedForEncodings = 0;
			knownRegions = (
				en,
				Base,
			);
			mainGroup = 515106DF299BC5F900D1473E;
			packageReferences = (
				515106FE299CAB9E00D1473E /* XCRemoteSwiftPackageReference "SnapKit" */,
				5151070329A164E200D1473E /* XCRemoteSwiftPackageReference "CAAnimationCallback" */,
			);
			productRefGroup = 515106E9299BC5F900D1473E /* Products */;
			projectDirPath = "";
			projectRoot = "";
			targets = (
				515106E7299BC5F900D1473E /* LightLeakButton */,
			);
		};
/* End PBXProject section */

/* Begin PBXResourcesBuildPhase section */
		515106E6299BC5F900D1473E /* Resources */ = {
			isa = PBXResourcesBuildPhase;
			buildActionMask = 2147483647;
			files = (
				515106F0299BC5FA00D1473E /* Assets.xcassets in Resources */,
				515106F3299BC5FA00D1473E /* Main.storyboard in Resources */,
			);
			runOnlyForDeploymentPostprocessing = 0;
		};
/* End PBXResourcesBuildPhase section */

/* Begin PBXSourcesBuildPhase section */
		515106E4299BC5F900D1473E /* Sources */ = {
			isa = PBXSourcesBuildPhase;
			buildActionMask = 2147483647;
			files = (
				515106EE299BC5F900D1473E /* ViewController.swift in Sources */,
				5151070729A2131200D1473E /* HollowingTextLayer.swift in Sources */,
				515106FD299BCFEC00D1473E /* CALayer.swift in Sources */,
				515106FB299BC67D00D1473E /* LightLeakButton.swift in Sources */,
				515106EC299BC5F900D1473E /* AppDelegate.swift in Sources */,
				5151070229A1455A00D1473E /* CGGeometry.swift in Sources */,
			);
			runOnlyForDeploymentPostprocessing = 0;
		};
/* End PBXSourcesBuildPhase section */

/* Begin PBXVariantGroup section */
		515106F1299BC5FA00D1473E /* Main.storyboard */ = {
			isa = PBXVariantGroup;
			children = (
				515106F2299BC5FA00D1473E /* Base */,
			);
			name = Main.storyboard;
			sourceTree = "<group>";
		};
/* End PBXVariantGroup section */

/* Begin XCBuildConfiguration section */
		515106F5299BC5FA00D1473E /* Debug */ = {
			isa = XCBuildConfiguration;
			buildSettings = {
				ALWAYS_SEARCH_USER_PATHS = NO;
				CLANG_ANALYZER_NONNULL = YES;
				CLANG_ANALYZER_NUMBER_OBJECT_CONVERSION = YES_AGGRESSIVE;
				CLANG_CXX_LANGUAGE_STANDARD = "gnu++20";
				CLANG_ENABLE_MODULES = YES;
				CLANG_ENABLE_OBJC_ARC = YES;
				CLANG_ENABLE_OBJC_WEAK = YES;
				CLANG_WARN_BLOCK_CAPTURE_AUTORELEASING = YES;
				CLANG_WARN_BOOL_CONVERSION = YES;
				CLANG_WARN_COMMA = YES;
				CLANG_WARN_CONSTANT_CONVERSION = YES;
				CLANG_WARN_DEPRECATED_OBJC_IMPLEMENTATIONS = YES;
				CLANG_WARN_DIRECT_OBJC_ISA_USAGE = YES_ERROR;
				CLANG_WARN_DOCUMENTATION_COMMENTS = YES;
				CLANG_WARN_EMPTY_BODY = YES;
				CLANG_WARN_ENUM_CONVERSION = YES;
				CLANG_WARN_INFINITE_RECURSION = YES;
				CLANG_WARN_INT_CONVERSION = YES;
				CLANG_WARN_NON_LITERAL_NULL_CONVERSION = YES;
				CLANG_WARN_OBJC_IMPLICIT_RETAIN_SELF = YES;
				CLANG_WARN_OBJC_LITERAL_CONVERSION = YES;
				CLANG_WARN_OBJC_ROOT_CLASS = YES_ERROR;
				CLANG_WARN_QUOTED_INCLUDE_IN_FRAMEWORK_HEADER = YES;
				CLANG_WARN_RANGE_LOOP_ANALYSIS = YES;
				CLANG_WARN_STRICT_PROTOTYPES = YES;
				CLANG_WARN_SUSPICIOUS_MOVE = YES;
				CLANG_WARN_UNGUARDED_AVAILABILITY = YES_AGGRESSIVE;
				CLANG_WARN_UNREACHABLE_CODE = YES;
				CLANG_WARN__DUPLICATE_METHOD_MATCH = YES;
				COPY_PHASE_STRIP = NO;
				DEBUG_INFORMATION_FORMAT = dwarf;
				ENABLE_STRICT_OBJC_MSGSEND = YES;
				ENABLE_TESTABILITY = YES;
				GCC_C_LANGUAGE_STANDARD = gnu11;
				GCC_DYNAMIC_NO_PIC = NO;
				GCC_NO_COMMON_BLOCKS = YES;
				GCC_OPTIMIZATION_LEVEL = 0;
				GCC_PREPROCESSOR_DEFINITIONS = (
					"DEBUG=1",
					"$(inherited)",
				);
				GCC_WARN_64_TO_32_BIT_CONVERSION = YES;
				GCC_WARN_ABOUT_RETURN_TYPE = YES_ERROR;
				GCC_WARN_UNDECLARED_SELECTOR = YES;
				GCC_WARN_UNINITIALIZED_AUTOS = YES_AGGRESSIVE;
				GCC_WARN_UNUSED_FUNCTION = YES;
				GCC_WARN_UNUSED_VARIABLE = YES;
				MACOSX_DEPLOYMENT_TARGET = 13.1;
				MTL_ENABLE_DEBUG_INFO = INCLUDE_SOURCE;
				MTL_FAST_MATH = YES;
				ONLY_ACTIVE_ARCH = YES;
				SDKROOT = macosx;
				SWIFT_ACTIVE_COMPILATION_CONDITIONS = DEBUG;
				SWIFT_OPTIMIZATION_LEVEL = "-Onone";
			};
			name = Debug;
		};
		515106F6299BC5FA00D1473E /* Release */ = {
			isa = XCBuildConfiguration;
			buildSettings = {
				ALWAYS_SEARCH_USER_PATHS = NO;
				CLANG_ANALYZER_NONNULL = YES;
				CLANG_ANALYZER_NUMBER_OBJECT_CONVERSION = YES_AGGRESSIVE;
				CLANG_CXX_LANGUAGE_STANDARD = "gnu++20";
				CLANG_ENABLE_MODULES = YES;
				CLANG_ENABLE_OBJC_ARC = YES;
				CLANG_ENABLE_OBJC_WEAK = YES;
				CLANG_WARN_BLOCK_CAPTURE_AUTORELEASING = YES;
				CLANG_WARN_BOOL_CONVERSION = YES;
				CLANG_WARN_COMMA = YES;
				CLANG_WARN_CONSTANT_CONVERSION = YES;
				CLANG_WARN_DEPRECATED_OBJC_IMPLEMENTATIONS = YES;
				CLANG_WARN_DIRECT_OBJC_ISA_USAGE = YES_ERROR;
				CLANG_WARN_DOCUMENTATION_COMMENTS = YES;
				CLANG_WARN_EMPTY_BODY = YES;
				CLANG_WARN_ENUM_CONVERSION = YES;
				CLANG_WARN_INFINITE_RECURSION = YES;
				CLANG_WARN_INT_CONVERSION = YES;
				CLANG_WARN_NON_LITERAL_NULL_CONVERSION = YES;
				CLANG_WARN_OBJC_IMPLICIT_RETAIN_SELF = YES;
				CLANG_WARN_OBJC_LITERAL_CONVERSION = YES;
				CLANG_WARN_OBJC_ROOT_CLASS = YES_ERROR;
				CLANG_WARN_QUOTED_INCLUDE_IN_FRAMEWORK_HEADER = YES;
				CLANG_WARN_RANGE_LOOP_ANALYSIS = YES;
				CLANG_WARN_STRICT_PROTOTYPES = YES;
				CLANG_WARN_SUSPICIOUS_MOVE = YES;
				CLANG_WARN_UNGUARDED_AVAILABILITY = YES_AGGRESSIVE;
				CLANG_WARN_UNREACHABLE_CODE = YES;
				CLANG_WARN__DUPLICATE_METHOD_MATCH = YES;
				COPY_PHASE_STRIP = NO;
				DEBUG_INFORMATION_FORMAT = "dwarf-with-dsym";
				ENABLE_NS_ASSERTIONS = NO;
				ENABLE_STRICT_OBJC_MSGSEND = YES;
				GCC_C_LANGUAGE_STANDARD = gnu11;
				GCC_NO_COMMON_BLOCKS = YES;
				GCC_WARN_64_TO_32_BIT_CONVERSION = YES;
				GCC_WARN_ABOUT_RETURN_TYPE = YES_ERROR;
				GCC_WARN_UNDECLARED_SELECTOR = YES;
				GCC_WARN_UNINITIALIZED_AUTOS = YES_AGGRESSIVE;
				GCC_WARN_UNUSED_FUNCTION = YES;
				GCC_WARN_UNUSED_VARIABLE = YES;
				MACOSX_DEPLOYMENT_TARGET = 13.1;
				MTL_ENABLE_DEBUG_INFO = NO;
				MTL_FAST_MATH = YES;
				SDKROOT = macosx;
				SWIFT_COMPILATION_MODE = wholemodule;
				SWIFT_OPTIMIZATION_LEVEL = "-O";
			};
			name = Release;
		};
		515106F8299BC5FA00D1473E /* Debug */ = {
			isa = XCBuildConfiguration;
			buildSettings = {
				ASSETCATALOG_COMPILER_APPICON_NAME = AppIcon;
				ASSETCATALOG_COMPILER_GLOBAL_ACCENT_COLOR_NAME = AccentColor;
				CODE_SIGN_ENTITLEMENTS = LightLeakButton/LightLeakButton.entitlements;
				CODE_SIGN_STYLE = Automatic;
				COMBINE_HIDPI_IMAGES = YES;
				CURRENT_PROJECT_VERSION = 1;
				DEVELOPMENT_TEAM = R6RZ6S2FLK;
				ENABLE_HARDENED_RUNTIME = YES;
				GENERATE_INFOPLIST_FILE = YES;
				INFOPLIST_KEY_NSHumanReadableCopyright = "";
				INFOPLIST_KEY_NSMainStoryboardFile = Main;
				INFOPLIST_KEY_NSPrincipalClass = NSApplication;
				LD_RUNPATH_SEARCH_PATHS = (
					"$(inherited)",
					"@executable_path/../Frameworks",
				);
				MACOSX_DEPLOYMENT_TARGET = 10.15;
				MARKETING_VERSION = 1.0;
				PRODUCT_BUNDLE_IDENTIFIER = jp.usagimaru.LightLeakButton;
				PRODUCT_NAME = "$(TARGET_NAME)";
				SWIFT_EMIT_LOC_STRINGS = YES;
				SWIFT_VERSION = 5.0;
			};
			name = Debug;
		};
		515106F9299BC5FA00D1473E /* Release */ = {
			isa = XCBuildConfiguration;
			buildSettings = {
				ASSETCATALOG_COMPILER_APPICON_NAME = AppIcon;
				ASSETCATALOG_COMPILER_GLOBAL_ACCENT_COLOR_NAME = AccentColor;
				CODE_SIGN_ENTITLEMENTS = LightLeakButton/LightLeakButton.entitlements;
				CODE_SIGN_STYLE = Automatic;
				COMBINE_HIDPI_IMAGES = YES;
				CURRENT_PROJECT_VERSION = 1;
				DEVELOPMENT_TEAM = R6RZ6S2FLK;
				ENABLE_HARDENED_RUNTIME = YES;
				GENERATE_INFOPLIST_FILE = YES;
				INFOPLIST_KEY_NSHumanReadableCopyright = "";
				INFOPLIST_KEY_NSMainStoryboardFile = Main;
				INFOPLIST_KEY_NSPrincipalClass = NSApplication;
				LD_RUNPATH_SEARCH_PATHS = (
					"$(inherited)",
					"@executable_path/../Frameworks",
				);
				MACOSX_DEPLOYMENT_TARGET = 10.15;
				MARKETING_VERSION = 1.0;
				PRODUCT_BUNDLE_IDENTIFIER = jp.usagimaru.LightLeakButton;
				PRODUCT_NAME = "$(TARGET_NAME)";
				SWIFT_EMIT_LOC_STRINGS = YES;
				SWIFT_VERSION = 5.0;
			};
			name = Release;
		};
/* End XCBuildConfiguration section */

/* Begin XCConfigurationList section */
		515106E3299BC5F900D1473E /* Build configuration list for PBXProject "LightLeakButton" */ = {
			isa = XCConfigurationList;
			buildConfigurations = (
				515106F5299BC5FA00D1473E /* Debug */,
				515106F6299BC5FA00D1473E /* Release */,
			);
			defaultConfigurationIsVisible = 0;
			defaultConfigurationName = Release;
		};
		515106F7299BC5FA00D1473E /* Build configuration list for PBXNativeTarget "LightLeakButton" */ = {
			isa = XCConfigurationList;
			buildConfigurations = (
				515106F8299BC5FA00D1473E /* Debug */,
				515106F9299BC5FA00D1473E /* Release */,
			);
			defaultConfigurationIsVisible = 0;
			defaultConfigurationName = Release;
		};
/* End XCConfigurationList section */

/* Begin XCRemoteSwiftPackageReference section */
		515106FE299CAB9E00D1473E /* XCRemoteSwiftPackageReference "SnapKit" */ = {
			isa = XCRemoteSwiftPackageReference;
			repositoryURL = "https://github.com/SnapKit/SnapKit";
			requirement = {
				branch = develop;
				kind = branch;
			};
		};
		5151070329A164E200D1473E /* XCRemoteSwiftPackageReference "CAAnimationCallback" */ = {
			isa = XCRemoteSwiftPackageReference;
			repositoryURL = "https://github.com/usagimaru/CAAnimationCallback";
			requirement = {
				branch = main;
				kind = branch;
			};
		};
/* End XCRemoteSwiftPackageReference section */

/* Begin XCSwiftPackageProductDependency section */
		515106FF299CAB9E00D1473E /* SnapKit */ = {
			isa = XCSwiftPackageProductDependency;
			package = 515106FE299CAB9E00D1473E /* XCRemoteSwiftPackageReference "SnapKit" */;
			productName = SnapKit;
		};
		5151070429A164E300D1473E /* CAAnimationCallback */ = {
			isa = XCSwiftPackageProductDependency;
			package = 5151070329A164E200D1473E /* XCRemoteSwiftPackageReference "CAAnimationCallback" */;
			productName = CAAnimationCallback;
		};
/* End XCSwiftPackageProductDependency section */
	};
	rootObject = 515106E0299BC5F900D1473E /* Project object */;
}
